
Microsoft Visual Studio Solution File, Format Version 12.00
# Visual Studio Version 17
VisualStudioVersion = 17.8.34511.84
MinimumVisualStudioVersion = 10.0.40219.1
Project("{FAE04EC0-301F-11D3-BF4B-00C04F79EFBC}") = "PeakyFlow.Abstractions", "PeakyFlow.Abstractions\PeakyFlow.Abstractions.csproj", "{2A74822E-772C-443B-8E4F-409AE9054AA6}"
EndProject
Global
	GlobalSection(SolutionConfigurationPlatforms) = preSolution
		Debug|Any CPU = Debug|Any CPU
		Release|Any CPU = Release|Any CPU
	EndGlobalSection
	GlobalSection(ProjectConfigurationPlatforms) = postSolution
		{2A74822E-772C-443B-8E4F-409AE9054AA6}.Debug|Any CPU.ActiveCfg = Debug|Any CPU
		{2A74822E-772C-443B-8E4F-409AE9054AA6}.Debug|Any CPU.Build.0 = Debug|Any CPU
		{2A74822E-772C-443B-8E4F-409AE9054AA6}.Release|Any CPU.ActiveCfg = Release|Any CPU
		{2A74822E-772C-443B-8E4F-409AE9054AA6}.Release|Any CPU.Build.0 = Release|Any CPU
	EndGlobalSection
	GlobalSection(SolutionProperties) = preSolution
		HideSolutionNode = FALSE
	EndGlobalSection
	GlobalSection(ExtensibilityGlobals) = postSolution
		SolutionGuid = {292C765F-B6EB-4F27-9F9A-1988E97726C8}
	EndGlobalSection
EndGlobal
