
Microsoft Visual Studio Solution File, Format Version 12.00
# Visual Studio Version 17
VisualStudioVersion = 17.8.34511.84
MinimumVisualStudioVersion = 10.0.40219.1
Project("{2150E333-8FDC-42A3-9474-1A3956D46DE8}") = "tests", "tests", "{89768B53-3B6C-4F9B-B93D-13E2D4EE0844}"
EndProject
Project("{2150E333-8FDC-42A3-9474-1A3956D46DE8}") = "src", "src", "{46CD3ADE-27DE-4AB8-9891-E5199B10F569}"
EndProject
Project("{9A19103F-16F7-4668-BE54-9A1E7A4F7556}") = "PeakyFlow.Abstractions.UnitTests", "tests\PeakyFlow.Abstractions.UnitTests\PeakyFlow.Abstractions.UnitTests.csproj", "{15CFFF1B-2CCC-409A-A2D7-94218FA24C7C}"
EndProject
Project("{9A19103F-16F7-4668-BE54-9A1E7A4F7556}") = "PeakyFlow.Abstractions", "src\PeakyFlow.Abstractions\PeakyFlow.Abstractions.csproj", "{073AFB81-AB42-4A15-A513-EA8364E6603D}"
EndProject
Project("{9A19103F-16F7-4668-BE54-9A1E7A4F7556}") = "PeakyFlow.Application", "src\PeakyFlow.Application\PeakyFlow.Application.csproj", "{53853FC3-A78E-42CA-8833-3D6F2C9B94D0}"
EndProject
Project("{9A19103F-16F7-4668-BE54-9A1E7A4F7556}") = "PeakyFlow.Application.UnitTests", "tests\PeakyFlow.Application.UnitTests\PeakyFlow.Application.UnitTests.csproj", "{12B4AB7C-FDE9-45D7-AB5E-5286E5DCBDDB}"
EndProject
Project("{9A19103F-16F7-4668-BE54-9A1E7A4F7556}") = "PeakyFlow.Infrastructure", "src\PeakyFlow.Infrastructure\PeakyFlow.Infrastructure.csproj", "{EEF05F6C-12B7-47BC-A95D-3A3A931AFA60}"
EndProject
Project("{9A19103F-16F7-4668-BE54-9A1E7A4F7556}") = "PeakyFlow.Infrastructure.IntegrationTests", "tests\PeakyFlow.Infrastructure.IntegrationTests\PeakyFlow.Infrastructure.IntegrationTests.csproj", "{49CD842D-D0A6-473C-B8B0-FDA8D7B7C3A9}"
EndProject
Project("{9A19103F-16F7-4668-BE54-9A1E7A4F7556}") = "PeakyFlow.Console", "src\PeakyFlow.Console\PeakyFlow.Console.csproj", "{8A9F96E3-92D2-4D4D-9C52-3F9B43D98A06}"
EndProject
Project("{2150E333-8FDC-42A3-9474-1A3956D46DE8}") = "Proto", "Proto", "{BB1CB15C-41A9-4882-ADCA-9153A8AEBC08}"
	ProjectSection(SolutionItems) = preProject
		src\Proto\lobby.proto = src\Proto\lobby.proto
	EndProjectSection
EndProject
Project("{9A19103F-16F7-4668-BE54-9A1E7A4F7556}") = "PeakyFlow.Server", "src\PeakyFlow.Server\PeakyFlow.Server.csproj", "{926705F5-B66F-49B3-B501-A8CD9018F606}"
EndProject
Global
	GlobalSection(SolutionConfigurationPlatforms) = preSolution
		Debug|Any CPU = Debug|Any CPU
		Release|Any CPU = Release|Any CPU
	EndGlobalSection
	GlobalSection(ProjectConfigurationPlatforms) = postSolution
		{15CFFF1B-2CCC-409A-A2D7-94218FA24C7C}.Debug|Any CPU.ActiveCfg = Debug|Any CPU
		{15CFFF1B-2CCC-409A-A2D7-94218FA24C7C}.Debug|Any CPU.Build.0 = Debug|Any CPU
		{15CFFF1B-2CCC-409A-A2D7-94218FA24C7C}.Release|Any CPU.ActiveCfg = Release|Any CPU
		{15CFFF1B-2CCC-409A-A2D7-94218FA24C7C}.Release|Any CPU.Build.0 = Release|Any CPU
		{073AFB81-AB42-4A15-A513-EA8364E6603D}.Debug|Any CPU.ActiveCfg = Debug|Any CPU
		{073AFB81-AB42-4A15-A513-EA8364E6603D}.Debug|Any CPU.Build.0 = Debug|Any CPU
		{073AFB81-AB42-4A15-A513-EA8364E6603D}.Release|Any CPU.ActiveCfg = Release|Any CPU
		{073AFB81-AB42-4A15-A513-EA8364E6603D}.Release|Any CPU.Build.0 = Release|Any CPU
		{53853FC3-A78E-42CA-8833-3D6F2C9B94D0}.Debug|Any CPU.ActiveCfg = Debug|Any CPU
		{53853FC3-A78E-42CA-8833-3D6F2C9B94D0}.Debug|Any CPU.Build.0 = Debug|Any CPU
		{53853FC3-A78E-42CA-8833-3D6F2C9B94D0}.Release|Any CPU.ActiveCfg = Release|Any CPU
		{53853FC3-A78E-42CA-8833-3D6F2C9B94D0}.Release|Any CPU.Build.0 = Release|Any CPU
		{12B4AB7C-FDE9-45D7-AB5E-5286E5DCBDDB}.Debug|Any CPU.ActiveCfg = Debug|Any CPU
		{12B4AB7C-FDE9-45D7-AB5E-5286E5DCBDDB}.Debug|Any CPU.Build.0 = Debug|Any CPU
		{12B4AB7C-FDE9-45D7-AB5E-5286E5DCBDDB}.Release|Any CPU.ActiveCfg = Release|Any CPU
		{12B4AB7C-FDE9-45D7-AB5E-5286E5DCBDDB}.Release|Any CPU.Build.0 = Release|Any CPU
		{EEF05F6C-12B7-47BC-A95D-3A3A931AFA60}.Debug|Any CPU.ActiveCfg = Debug|Any CPU
		{EEF05F6C-12B7-47BC-A95D-3A3A931AFA60}.Debug|Any CPU.Build.0 = Debug|Any CPU
		{EEF05F6C-12B7-47BC-A95D-3A3A931AFA60}.Release|Any CPU.ActiveCfg = Release|Any CPU
		{EEF05F6C-12B7-47BC-A95D-3A3A931AFA60}.Release|Any CPU.Build.0 = Release|Any CPU
		{49CD842D-D0A6-473C-B8B0-FDA8D7B7C3A9}.Debug|Any CPU.ActiveCfg = Debug|Any CPU
		{49CD842D-D0A6-473C-B8B0-FDA8D7B7C3A9}.Debug|Any CPU.Build.0 = Debug|Any CPU
		{49CD842D-D0A6-473C-B8B0-FDA8D7B7C3A9}.Release|Any CPU.ActiveCfg = Release|Any CPU
		{49CD842D-D0A6-473C-B8B0-FDA8D7B7C3A9}.Release|Any CPU.Build.0 = Release|Any CPU
		{8A9F96E3-92D2-4D4D-9C52-3F9B43D98A06}.Debug|Any CPU.ActiveCfg = Debug|Any CPU
		{8A9F96E3-92D2-4D4D-9C52-3F9B43D98A06}.Debug|Any CPU.Build.0 = Debug|Any CPU
		{8A9F96E3-92D2-4D4D-9C52-3F9B43D98A06}.Release|Any CPU.ActiveCfg = Release|Any CPU
		{8A9F96E3-92D2-4D4D-9C52-3F9B43D98A06}.Release|Any CPU.Build.0 = Release|Any CPU
		{926705F5-B66F-49B3-B501-A8CD9018F606}.Debug|Any CPU.ActiveCfg = Debug|Any CPU
		{926705F5-B66F-49B3-B501-A8CD9018F606}.Debug|Any CPU.Build.0 = Debug|Any CPU
		{926705F5-B66F-49B3-B501-A8CD9018F606}.Release|Any CPU.ActiveCfg = Release|Any CPU
		{926705F5-B66F-49B3-B501-A8CD9018F606}.Release|Any CPU.Build.0 = Release|Any CPU
	EndGlobalSection
	GlobalSection(SolutionProperties) = preSolution
		HideSolutionNode = FALSE
	EndGlobalSection
	GlobalSection(NestedProjects) = preSolution
		{15CFFF1B-2CCC-409A-A2D7-94218FA24C7C} = {89768B53-3B6C-4F9B-B93D-13E2D4EE0844}
		{073AFB81-AB42-4A15-A513-EA8364E6603D} = {46CD3ADE-27DE-4AB8-9891-E5199B10F569}
		{53853FC3-A78E-42CA-8833-3D6F2C9B94D0} = {46CD3ADE-27DE-4AB8-9891-E5199B10F569}
		{12B4AB7C-FDE9-45D7-AB5E-5286E5DCBDDB} = {89768B53-3B6C-4F9B-B93D-13E2D4EE0844}
		{EEF05F6C-12B7-47BC-A95D-3A3A931AFA60} = {46CD3ADE-27DE-4AB8-9891-E5199B10F569}
		{49CD842D-D0A6-473C-B8B0-FDA8D7B7C3A9} = {89768B53-3B6C-4F9B-B93D-13E2D4EE0844}
		{8A9F96E3-92D2-4D4D-9C52-3F9B43D98A06} = {46CD3ADE-27DE-4AB8-9891-E5199B10F569}
		{BB1CB15C-41A9-4882-ADCA-9153A8AEBC08} = {46CD3ADE-27DE-4AB8-9891-E5199B10F569}
		{926705F5-B66F-49B3-B501-A8CD9018F606} = {46CD3ADE-27DE-4AB8-9891-E5199B10F569}
	EndGlobalSection
	GlobalSection(ExtensibilityGlobals) = postSolution
		SolutionGuid = {292C765F-B6EB-4F27-9F9A-1988E97726C8}
	EndGlobalSection
EndGlobal
